{
  "name": "eulen-demo",
  "version": "1.0.0",
  "lockfileVersion": 1,
  "requires": true,
  "dependencies": {
    "@uirouter/angularjs": {
      "version": "1.0.20",
      "resolved": "https://registry.npmjs.org/@uirouter/angularjs/-/angularjs-1.0.20.tgz",
      "integrity": "sha1-vTMFRMsvHDWYf2ENj8NTBxeGwE4=",
      "requires": {
        "@uirouter/core": "5.0.21"
      }
    },
    "@uirouter/core": {
      "version": "5.0.21",
      "resolved": "https://registry.npmjs.org/@uirouter/core/-/core-5.0.21.tgz",
      "integrity": "sha1-tsTDEelBah6M52sHLgQqYCJNGzo="
    },
    "angular": {
      "version": "1.7.5",
      "resolved": "https://registry.npmjs.org/angular/-/angular-1.7.5.tgz",
      "integrity": "sha1-0cHAHG9dyDVjjz+apRAShXvaxJ4="
    },
    "angular-animate": {
      "version": "1.7.5",
      "resolved": "https://registry.npmjs.org/angular-animate/-/angular-animate-1.7.5.tgz",
      "integrity": "sha1-H/xsKpze4ieiunnMbNj3HsRNtdw="
    },
    "angular-aria": {
      "version": "1.7.5",
      "resolved": "https://registry.npmjs.org/angular-aria/-/angular-aria-1.7.5.tgz",
      "integrity": "sha1-5mM02ArWtLAfAF9ZDXx+7wBkMS8="
    },
    "angular-material": {
      "version": "1.1.10",
      "resolved": "https://registry.npmjs.org/angular-material/-/angular-material-1.1.10.tgz",
      "integrity": "sha1-+5O6hPJzQUbLnKjr9lvcFj2fhHE="
    },
    "angular-material-data-table": {
      "version": "0.10.10",
      "resolved": "https://registry.npmjs.org/angular-material-data-table/-/angular-material-data-table-0.10.10.tgz",
      "integrity": "sha1-IptAJ0XsGhRvB9qNHlJr5lQISe4="
    },
    "angular-messages": {
      "version": "1.7.5",
      "resolved": "https://registry.npmjs.org/angular-messages/-/angular-messages-1.7.5.tgz",
      "integrity": "sha1-fC/XgTFaQ6GYOLEX2gFCqYhFThQ="
    },
    "angular-moment": {
      "version": "1.3.0",
      "resolved": "https://registry.npmjs.org/angular-moment/-/angular-moment-1.3.0.tgz",
      "integrity": "sha1-9QH2a2/Mgy2NNviQXMepMSOrKvA=",
      "requires": {
        "moment": ">=2.8.0 <3.0.0"
      }
    },
    "angular-resource": {
      "version": "1.7.5",
      "resolved": "https://registry.npmjs.org/angular-resource/-/angular-resource-1.7.5.tgz",
      "integrity": "sha512-zlCKVNa2nnZNb4Lz3YFPKhsYG+v+t4STEsjkWRbii6PfwSrtH9R/zGpCOkBNFnq3naeZMMmd5aIIgHi5a7k9jA=="
    },
    "angular-touch": {
      "version": "1.7.5",
      "resolved": "https://registry.npmjs.org/angular-touch/-/angular-touch-1.7.5.tgz",
      "integrity": "sha1-7SYyKmhfApmyPLauqYNMEZQk2kY="
    },
    "angular-ui-bootstrap": {
      "version": "2.5.6",
      "resolved": "https://registry.npmjs.org/angular-ui-bootstrap/-/angular-ui-bootstrap-2.5.6.tgz",
      "integrity": "sha1-I5NzIuxkGm++4WSYzDJFKqGZ58U="
    },
    "bootstrap": {
      "version": "3.3.7",
      "resolved": "https://registry.npmjs.org/bootstrap/-/bootstrap-3.3.7.tgz",
      "integrity": "sha1-WjiTlFSfIzMIdaOxUGVldPip63E="
    },
    "font-awesome": {
      "version": "4.7.0",
      "resolved": "https://registry.npmjs.org/font-awesome/-/font-awesome-4.7.0.tgz",
      "integrity": "sha1-j6jPBBGhoxr9B7BtKQK7n8gVoTM="
    },
    "jquery": {
      "version": "3.3.1",
      "resolved": "https://registry.npmjs.org/jquery/-/jquery-3.3.1.tgz",
      "integrity": "sha1-lYzinoHJeQ8xvneS311NlfxX+8o="
    },
    "moment": {
      "version": "2.22.2",
      "resolved": "https://registry.npmjs.org/moment/-/moment-2.22.2.tgz",
      "integrity": "sha1-PCV/mDn8DpP/UxSWMiOeuQeD/2Y="
    }
  }
}
